
Microsoft Visual Studio Solution File, Format Version 12.00
# Visual Studio Version 16
VisualStudioVersion = 16.0.31205.134
MinimumVisualStudioVersion = 10.0.40219.1
Project("{9A19103F-16F7-4668-BE54-9A1E7A4F7556}") = "SLeeMarsRoverTechnicalChallenge", "SLeeMarsRoverTechnicalChallenge\SLeeMarsRoverTechnicalChallenge.csproj", "{727756D4-3F37-447A-B730-CA02F56ED694}"
EndProject
Project("{FAE04EC0-301F-11D3-BF4B-00C04F79EFBC}") = "SLeeMarsRoverTechnicalChallenge.Tests", "SLeeMarsRoverTechnicalChallenge.Tests\SLeeMarsRoverTechnicalChallenge.Tests.csproj", "{5101D410-0349-4E95-A05B-177D63834866}"
EndProject
Global
	GlobalSection(SolutionConfigurationPlatforms) = preSolution
		Debug|Any CPU = Debug|Any CPU
		Release|Any CPU = Release|Any CPU
	EndGlobalSection
	GlobalSection(ProjectConfigurationPlatforms) = postSolution
		{727756D4-3F37-447A-B730-CA02F56ED694}.Debug|Any CPU.ActiveCfg = Debug|Any CPU
		{727756D4-3F37-447A-B730-CA02F56ED694}.Debug|Any CPU.Build.0 = Debug|Any CPU
		{727756D4-3F37-447A-B730-CA02F56ED694}.Release|Any CPU.ActiveCfg = Release|Any CPU
		{727756D4-3F37-447A-B730-CA02F56ED694}.Release|Any CPU.Build.0 = Release|Any CPU
		{5101D410-0349-4E95-A05B-177D63834866}.Debug|Any CPU.ActiveCfg = Debug|Any CPU
		{5101D410-0349-4E95-A05B-177D63834866}.Debug|Any CPU.Build.0 = Debug|Any CPU
		{5101D410-0349-4E95-A05B-177D63834866}.Release|Any CPU.ActiveCfg = Release|Any CPU
		{5101D410-0349-4E95-A05B-177D63834866}.Release|Any CPU.Build.0 = Release|Any CPU
	EndGlobalSection
	GlobalSection(SolutionProperties) = preSolution
		HideSolutionNode = FALSE
	EndGlobalSection
	GlobalSection(ExtensibilityGlobals) = postSolution
		SolutionGuid = {5C98CAC8-EDD2-4CF4-AB62-B384F200CE74}
	EndGlobalSection
EndGlobal
